
Microsoft Visual Studio Solution File, Format Version 12.00
# Visual Studio Version 17
VisualStudioVersion = 17.0.31903.59
MinimumVisualStudioVersion = 10.0.40219.1
Project("{FAE04EC0-301F-11D3-BF4B-00C04F79EFBC}") = "SplitTheBill", "SplitTheBill\SplitTheBill.csproj", "{962A5235-8757-4EA7-8B88-EF9686862028}"
EndProject
Project("{FAE04EC0-301F-11D3-BF4B-00C04F79EFBC}") = "SplitTheBill.Library", "SplitTheBill.Library\SplitTheBill.Library.csproj", "{79BA1A4E-CF78-46D0-89DD-68C2EC8D7AF6}"
EndProject
Project("{FAE04EC0-301F-11D3-BF4B-00C04F79EFBC}") = "SplitTheBill.Tests", "SplitTheBill.Tests\SplitTheBill.Tests.csproj", "{3AFBB2C9-A801-4C88-9B3D-BF9FFA6D8589}"
EndProject
Global
	GlobalSection(SolutionConfigurationPlatforms) = preSolution
		Debug|Any CPU = Debug|Any CPU
		Release|Any CPU = Release|Any CPU
	EndGlobalSection
	GlobalSection(SolutionProperties) = preSolution
		HideSolutionNode = FALSE
	EndGlobalSection
	GlobalSection(ProjectConfigurationPlatforms) = postSolution
		{962A5235-8757-4EA7-8B88-EF9686862028}.Debug|Any CPU.ActiveCfg = Debug|Any CPU
		{962A5235-8757-4EA7-8B88-EF9686862028}.Debug|Any CPU.Build.0 = Debug|Any CPU
		{962A5235-8757-4EA7-8B88-EF9686862028}.Release|Any CPU.ActiveCfg = Release|Any CPU
		{962A5235-8757-4EA7-8B88-EF9686862028}.Release|Any CPU.Build.0 = Release|Any CPU
		{79BA1A4E-CF78-46D0-89DD-68C2EC8D7AF6}.Debug|Any CPU.ActiveCfg = Debug|Any CPU
		{79BA1A4E-CF78-46D0-89DD-68C2EC8D7AF6}.Debug|Any CPU.Build.0 = Debug|Any CPU
		{79BA1A4E-CF78-46D0-89DD-68C2EC8D7AF6}.Release|Any CPU.ActiveCfg = Release|Any CPU
		{79BA1A4E-CF78-46D0-89DD-68C2EC8D7AF6}.Release|Any CPU.Build.0 = Release|Any CPU
		{3AFBB2C9-A801-4C88-9B3D-BF9FFA6D8589}.Debug|Any CPU.ActiveCfg = Debug|Any CPU
		{3AFBB2C9-A801-4C88-9B3D-BF9FFA6D8589}.Debug|Any CPU.Build.0 = Debug|Any CPU
		{3AFBB2C9-A801-4C88-9B3D-BF9FFA6D8589}.Release|Any CPU.ActiveCfg = Release|Any CPU
		{3AFBB2C9-A801-4C88-9B3D-BF9FFA6D8589}.Release|Any CPU.Build.0 = Release|Any CPU
	EndGlobalSection
EndGlobal
